// !$*UTF8*$!
{
	archiveVersion = 1;
	classes = {
	};
	objectVersion = 56;
	objects = {

/* Begin PBXBuildFile section */
		99FF34B929E6BCB600BC45A5 /* AppDelegate.swift in Sources */ = {isa = PBXBuildFile; fileRef = 99FF34B829E6BCB600BC45A5 /* AppDelegate.swift */; };
		99FF34BB29E6BCB600BC45A5 /* SceneDelegate.swift in Sources */ = {isa = PBXBuildFile; fileRef = 99FF34BA29E6BCB600BC45A5 /* SceneDelegate.swift */; };
		99FF34C029E6BCB600BC45A5 /* Main.storyboard in Resources */ = {isa = PBXBuildFile; fileRef = 99FF34BE29E6BCB600BC45A5 /* Main.storyboard */; };
		99FF34C229E6BCB800BC45A5 /* Assets.xcassets in Resources */ = {isa = PBXBuildFile; fileRef = 99FF34C129E6BCB800BC45A5 /* Assets.xcassets */; };
		99FF34C529E6BCB800BC45A5 /* LaunchScreen.storyboard in Resources */ = {isa = PBXBuildFile; fileRef = 99FF34C329E6BCB800BC45A5 /* LaunchScreen.storyboard */; };
		99FF34D029E6BCB800BC45A5 /* SideBar0_1Tests.swift in Sources */ = {isa = PBXBuildFile; fileRef = 99FF34CF29E6BCB800BC45A5 /* SideBar0_1Tests.swift */; };
		99FF34DA29E6BCB800BC45A5 /* SideBar0_1UITests.swift in Sources */ = {isa = PBXBuildFile; fileRef = 99FF34D929E6BCB800BC45A5 /* SideBar0_1UITests.swift */; };
		99FF34DC29E6BCB800BC45A5 /* SideBar0_1UITestsLaunchTests.swift in Sources */ = {isa = PBXBuildFile; fileRef = 99FF34DB29E6BCB800BC45A5 /* SideBar0_1UITestsLaunchTests.swift */; };
		99FF34EB29E715A100BC45A5 /* SWRevealViewController.m in Sources */ = {isa = PBXBuildFile; fileRef = 99FF34EA29E715A100BC45A5 /* SWRevealViewController.m */; };
		99FF34ED29E7164200BC45A5 /* HomeViewController.swift in Sources */ = {isa = PBXBuildFile; fileRef = 99FF34EC29E7164200BC45A5 /* HomeViewController.swift */; };
		99FF34EF29E716DA00BC45A5 /* HomeTableViewController.swift in Sources */ = {isa = PBXBuildFile; fileRef = 99FF34EE29E716DA00BC45A5 /* HomeTableViewController.swift */; };
		99FF34F129E7194600BC45A5 /* AboutUsViewController.swift in Sources */ = {isa = PBXBuildFile; fileRef = 99FF34F029E7194600BC45A5 /* AboutUsViewController.swift */; };
/* End PBXBuildFile section */

/* Begin PBXContainerItemProxy section */
		99FF34CC29E6BCB800BC45A5 /* PBXContainerItemProxy */ = {
			isa = PBXContainerItemProxy;
			containerPortal = 99FF34AD29E6BCB600BC45A5 /* Project object */;
			proxyType = 1;
			remoteGlobalIDString = 99FF34B429E6BCB600BC45A5;
			remoteInfo = SideBar0.1;
		};
		99FF34D629E6BCB800BC45A5 /* PBXContainerItemProxy */ = {
			isa = PBXContainerItemProxy;
			containerPortal = 99FF34AD29E6BCB600BC45A5 /* Project object */;
			proxyType = 1;
			remoteGlobalIDString = 99FF34B429E6BCB600BC45A5;
			remoteInfo = SideBar0.1;
		};
/* End PBXContainerItemProxy section */

/* Begin PBXFileReference section */
		99FF34B529E6BCB600BC45A5 /* SideBar0.1.app */ = {isa = PBXFileReference; explicitFileType = wrapper.application; includeInIndex = 0; path = SideBar0.1.app; sourceTree = BUILT_PRODUCTS_DIR; };
		99FF34B829E6BCB600BC45A5 /* AppDelegate.swift */ = {isa = PBXFileReference; lastKnownFileType = sourcecode.swift; path = AppDelegate.swift; sourceTree = "<group>"; };
		99FF34BA29E6BCB600BC45A5 /* SceneDelegate.swift */ = {isa = PBXFileReference; lastKnownFileType = sourcecode.swift; path = SceneDelegate.swift; sourceTree = "<group>"; };
		99FF34BF29E6BCB600BC45A5 /* Base */ = {isa = PBXFileReference; lastKnownFileType = file.storyboard; name = Base; path = Base.lproj/Main.storyboard; sourceTree = "<group>"; };
		99FF34C129E6BCB800BC45A5 /* Assets.xcassets */ = {isa = PBXFileReference; lastKnownFileType = folder.assetcatalog; path = Assets.xcassets; sourceTree = "<group>"; };
		99FF34C429E6BCB800BC45A5 /* Base */ = {isa = PBXFileReference; lastKnownFileType = file.storyboard; name = Base; path = Base.lproj/LaunchScreen.storyboard; sourceTree = "<group>"; };
		99FF34C629E6BCB800BC45A5 /* Info.plist */ = {isa = PBXFileReference; lastKnownFileType = text.plist.xml; path = Info.plist; sourceTree = "<group>"; };
		99FF34CB29E6BCB800BC45A5 /* SideBar0.1Tests.xctest */ = {isa = PBXFileReference; explicitFileType = wrapper.cfbundle; includeInIndex = 0; path = SideBar0.1Tests.xctest; sourceTree = BUILT_PRODUCTS_DIR; };
		99FF34CF29E6BCB800BC45A5 /* SideBar0_1Tests.swift */ = {isa = PBXFileReference; lastKnownFileType = sourcecode.swift; path = SideBar0_1Tests.swift; sourceTree = "<group>"; };
		99FF34D529E6BCB800BC45A5 /* SideBar0.1UITests.xctest */ = {isa = PBXFileReference; explicitFileType = wrapper.cfbundle; includeInIndex = 0; path = SideBar0.1UITests.xctest; sourceTree = BUILT_PRODUCTS_DIR; };
		99FF34D929E6BCB800BC45A5 /* SideBar0_1UITests.swift */ = {isa = PBXFileReference; lastKnownFileType = sourcecode.swift; path = SideBar0_1UITests.swift; sourceTree = "<group>"; };
		99FF34DB29E6BCB800BC45A5 /* SideBar0_1UITestsLaunchTests.swift */ = {isa = PBXFileReference; lastKnownFileType = sourcecode.swift; path = SideBar0_1UITestsLaunchTests.swift; sourceTree = "<group>"; };
		99FF34E829E715A100BC45A5 /* SideBar0.1-Bridging-Header.h */ = {isa = PBXFileReference; lastKnownFileType = sourcecode.c.h; path = "SideBar0.1-Bridging-Header.h"; sourceTree = "<group>"; };
		99FF34E929E715A100BC45A5 /* SWRevealViewController.h */ = {isa = PBXFileReference; fileEncoding = 4; lastKnownFileType = sourcecode.c.h; path = SWRevealViewController.h; sourceTree = "<group>"; };
		99FF34EA29E715A100BC45A5 /* SWRevealViewController.m */ = {isa = PBXFileReference; fileEncoding = 4; lastKnownFileType = sourcecode.c.objc; path = SWRevealViewController.m; sourceTree = "<group>"; };
		99FF34EC29E7164200BC45A5 /* HomeViewController.swift */ = {isa = PBXFileReference; lastKnownFileType = sourcecode.swift; path = HomeViewController.swift; sourceTree = "<group>"; };
		99FF34EE29E716DA00BC45A5 /* HomeTableViewController.swift */ = {isa = PBXFileReference; lastKnownFileType = sourcecode.swift; path = HomeTableViewController.swift; sourceTree = "<group>"; };
		99FF34F029E7194600BC45A5 /* AboutUsViewController.swift */ = {isa = PBXFileReference; lastKnownFileType = sourcecode.swift; path = AboutUsViewController.swift; sourceTree = "<group>"; };
/* End PBXFileReference section */

/* Begin PBXFrameworksBuildPhase section */
		99FF34B229E6BCB600BC45A5 /* Frameworks */ = {
			isa = PBXFrameworksBuildPhase;
			buildActionMask = 2147483647;
			files = (
			);
			runOnlyForDeploymentPostprocessing = 0;
		};
		99FF34C829E6BCB800BC45A5 /* Frameworks */ = {
			isa = PBXFrameworksBuildPhase;
			buildActionMask = 2147483647;
			files = (
			);
			runOnlyForDeploymentPostprocessing = 0;
		};
		99FF34D229E6BCB800BC45A5 /* Frameworks */ = {
			isa = PBXFrameworksBuildPhase;
			buildActionMask = 2147483647;
			files = (
			);
			runOnlyForDeploymentPostprocessing = 0;
		};
/* End PBXFrameworksBuildPhase section */

/* Begin PBXGroup section */
		99FF34AC29E6BCB600BC45A5 = {
			isa = PBXGroup;
			children = (
				99FF34B729E6BCB600BC45A5 /* SideBar0.1 */,
				99FF34CE29E6BCB800BC45A5 /* SideBar0.1Tests */,
				99FF34D829E6BCB800BC45A5 /* SideBar0.1UITests */,
				99FF34B629E6BCB600BC45A5 /* Products */,
			);
			sourceTree = "<group>";
		};
		99FF34B629E6BCB600BC45A5 /* Products */ = {
			isa = PBXGroup;
			children = (
				99FF34B529E6BCB600BC45A5 /* SideBar0.1.app */,
				99FF34CB29E6BCB800BC45A5 /* SideBar0.1Tests.xctest */,
				99FF34D529E6BCB800BC45A5 /* SideBar0.1UITests.xctest */,
			);
			name = Products;
			sourceTree = "<group>";
		};
		99FF34B729E6BCB600BC45A5 /* SideBar0.1 */ = {
			isa = PBXGroup;
			children = (
				99FF34B829E6BCB600BC45A5 /* AppDelegate.swift */,
				99FF34BA29E6BCB600BC45A5 /* SceneDelegate.swift */,
				99FF34EC29E7164200BC45A5 /* HomeViewController.swift */,
				99FF34EE29E716DA00BC45A5 /* HomeTableViewController.swift */,
				99FF34F029E7194600BC45A5 /* AboutUsViewController.swift */,
				99FF34E929E715A100BC45A5 /* SWRevealViewController.h */,
				99FF34EA29E715A100BC45A5 /* SWRevealViewController.m */,
				99FF34BE29E6BCB600BC45A5 /* Main.storyboard */,
				99FF34C129E6BCB800BC45A5 /* Assets.xcassets */,
				99FF34C329E6BCB800BC45A5 /* LaunchScreen.storyboard */,
				99FF34C629E6BCB800BC45A5 /* Info.plist */,
				99FF34E829E715A100BC45A5 /* SideBar0.1-Bridging-Header.h */,
			);
			path = SideBar0.1;
			sourceTree = "<group>";
		};
		99FF34CE29E6BCB800BC45A5 /* SideBar0.1Tests */ = {
			isa = PBXGroup;
			children = (
				99FF34CF29E6BCB800BC45A5 /* SideBar0_1Tests.swift */,
			);
			path = SideBar0.1Tests;
			sourceTree = "<group>";
		};
		99FF34D829E6BCB800BC45A5 /* SideBar0.1UITests */ = {
			isa = PBXGroup;
			children = (
				99FF34D929E6BCB800BC45A5 /* SideBar0_1UITests.swift */,
				99FF34DB29E6BCB800BC45A5 /* SideBar0_1UITestsLaunchTests.swift */,
			);
			path = SideBar0.1UITests;
			sourceTree = "<group>";
		};
/* End PBXGroup section */

/* Begin PBXNativeTarget section */
		99FF34B429E6BCB600BC45A5 /* SideBar0.1 */ = {
			isa = PBXNativeTarget;
			buildConfigurationList = 99FF34DF29E6BCB800BC45A5 /* Build configuration list for PBXNativeTarget "SideBar0.1" */;
			buildPhases = (
				99FF34B129E6BCB600BC45A5 /* Sources */,
				99FF34B229E6BCB600BC45A5 /* Frameworks */,
				99FF34B329E6BCB600BC45A5 /* Resources */,
			);
			buildRules = (
			);
			dependencies = (
			);
			name = SideBar0.1;
			productName = SideBar0.1;
			productReference = 99FF34B529E6BCB600BC45A5 /* SideBar0.1.app */;
			productType = "com.apple.product-type.application";
		};
		99FF34CA29E6BCB800BC45A5 /* SideBar0.1Tests */ = {
			isa = PBXNativeTarget;
			buildConfigurationList = 99FF34E229E6BCB800BC45A5 /* Build configuration list for PBXNativeTarget "SideBar0.1Tests" */;
			buildPhases = (
				99FF34C729E6BCB800BC45A5 /* Sources */,
				99FF34C829E6BCB800BC45A5 /* Frameworks */,
				99FF34C929E6BCB800BC45A5 /* Resources */,
			);
			buildRules = (
			);
			dependencies = (
				99FF34CD29E6BCB800BC45A5 /* PBXTargetDependency */,
			);
			name = SideBar0.1Tests;
			productName = SideBar0.1Tests;
			productReference = 99FF34CB29E6BCB800BC45A5 /* SideBar0.1Tests.xctest */;
			productType = "com.apple.product-type.bundle.unit-test";
		};
		99FF34D429E6BCB800BC45A5 /* SideBar0.1UITests */ = {
			isa = PBXNativeTarget;
			buildConfigurationList = 99FF34E529E6BCB800BC45A5 /* Build configuration list for PBXNativeTarget "SideBar0.1UITests" */;
			buildPhases = (
				99FF34D129E6BCB800BC45A5 /* Sources */,
				99FF34D229E6BCB800BC45A5 /* Frameworks */,
				99FF34D329E6BCB800BC45A5 /* Resources */,
			);
			buildRules = (
			);
			dependencies = (
				99FF34D729E6BCB800BC45A5 /* PBXTargetDependency */,
			);
			name = SideBar0.1UITests;
			productName = SideBar0.1UITests;
			productReference = 99FF34D529E6BCB800BC45A5 /* SideBar0.1UITests.xctest */;
			productType = "com.apple.product-type.bundle.ui-testing";
		};
/* End PBXNativeTarget section */

/* Begin PBXProject section */
		99FF34AD29E6BCB600BC45A5 /* Project object */ = {
			isa = PBXProject;
			attributes = {
				BuildIndependentTargetsInParallel = 1;
				LastSwiftUpdateCheck = 1430;
				LastUpgradeCheck = 1430;
				TargetAttributes = {
					99FF34B429E6BCB600BC45A5 = {
						CreatedOnToolsVersion = 14.3;
						LastSwiftMigration = 1430;
					};
					99FF34CA29E6BCB800BC45A5 = {
						CreatedOnToolsVersion = 14.3;
						TestTargetID = 99FF34B429E6BCB600BC45A5;
					};
					99FF34D429E6BCB800BC45A5 = {
						CreatedOnToolsVersion = 14.3;
						TestTargetID = 99FF34B429E6BCB600BC45A5;
					};
				};
			};
			buildConfigurationList = 99FF34B029E6BCB600BC45A5 /* Build configuration list for PBXProject "SideBar0.1" */;
			compatibilityVersion = "Xcode 14.0";
			developmentRegion = en;
			hasScannedForEncodings = 0;
			knownRegions = (
				en,
				Base,
			);
			mainGroup = 99FF34AC29E6BCB600BC45A5;
			productRefGroup = 99FF34B629E6BCB600BC45A5 /* Products */;
			projectDirPath = "";
			projectRoot = "";
			targets = (
				99FF34B429E6BCB600BC45A5 /* SideBar0.1 */,
				99FF34CA29E6BCB800BC45A5 /* SideBar0.1Tests */,
				99FF34D429E6BCB800BC45A5 /* SideBar0.1UITests */,
			);
		};
/* End PBXProject section */

/* Begin PBXResourcesBuildPhase section */
		99FF34B329E6BCB600BC45A5 /* Resources */ = {
			isa = PBXResourcesBuildPhase;
			buildActionMask = 2147483647;
			files = (
				99FF34C529E6BCB800BC45A5 /* LaunchScreen.storyboard in Resources */,
				99FF34C229E6BCB800BC45A5 /* Assets.xcassets in Resources */,
				99FF34C029E6BCB600BC45A5 /* Main.storyboard in Resources */,
			);
			runOnlyForDeploymentPostprocessing = 0;
		};
		99FF34C929E6BCB800BC45A5 /* Resources */ = {
			isa = PBXResourcesBuildPhase;
			buildActionMask = 2147483647;
			files = (
			);
			runOnlyForDeploymentPostprocessing = 0;
		};
		99FF34D329E6BCB800BC45A5 /* Resources */ = {
			isa = PBXResourcesBuildPhase;
			buildActionMask = 2147483647;
			files = (
			);
			runOnlyForDeploymentPostprocessing = 0;
		};
/* End PBXResourcesBuildPhase section */

/* Begin PBXSourcesBuildPhase section */
		99FF34B129E6BCB600BC45A5 /* Sources */ = {
			isa = PBXSourcesBuildPhase;
			buildActionMask = 2147483647;
			files = (
				99FF34B929E6BCB600BC45A5 /* AppDelegate.swift in Sources */,
				99FF34BB29E6BCB600BC45A5 /* SceneDelegate.swift in Sources */,
				99FF34EB29E715A100BC45A5 /* SWRevealViewController.m in Sources */,
				99FF34ED29E7164200BC45A5 /* HomeViewController.swift in Sources */,
				99FF34F129E7194600BC45A5 /* AboutUsViewController.swift in Sources */,
				99FF34EF29E716DA00BC45A5 /* HomeTableViewController.swift in Sources */,
			);
			runOnlyForDeploymentPostprocessing = 0;
		};
		99FF34C729E6BCB800BC45A5 /* Sources */ = {
			isa = PBXSourcesBuildPhase;
			buildActionMask = 2147483647;
			files = (
				99FF34D029E6BCB800BC45A5 /* SideBar0_1Tests.swift in Sources */,
			);
			runOnlyForDeploymentPostprocessing = 0;
		};
		99FF34D129E6BCB800BC45A5 /* Sources */ = {
			isa = PBXSourcesBuildPhase;
			buildActionMask = 2147483647;
			files = (
				99FF34DC29E6BCB800BC45A5 /* SideBar0_1UITestsLaunchTests.swift in Sources */,
				99FF34DA29E6BCB800BC45A5 /* SideBar0_1UITests.swift in Sources */,
			);
			runOnlyForDeploymentPostprocessing = 0;
		};
/* End PBXSourcesBuildPhase section */

/* Begin PBXTargetDependency section */
		99FF34CD29E6BCB800BC45A5 /* PBXTargetDependency */ = {
			isa = PBXTargetDependency;
			target = 99FF34B429E6BCB600BC45A5 /* SideBar0.1 */;
			targetProxy = 99FF34CC29E6BCB800BC45A5 /* PBXContainerItemProxy */;
		};
		99FF34D729E6BCB800BC45A5 /* PBXTargetDependency */ = {
			isa = PBXTargetDependency;
			target = 99FF34B429E6BCB600BC45A5 /* SideBar0.1 */;
			targetProxy = 99FF34D629E6BCB800BC45A5 /* PBXContainerItemProxy */;
		};
/* End PBXTargetDependency section */

/* Begin PBXVariantGroup section */
		99FF34BE29E6BCB600BC45A5 /* Main.storyboard */ = {
			isa = PBXVariantGroup;
			children = (
				99FF34BF29E6BCB600BC45A5 /* Base */,
			);
			name = Main.storyboard;
			sourceTree = "<group>";
		};
		99FF34C329E6BCB800BC45A5 /* LaunchScreen.storyboard */ = {
			isa = PBXVariantGroup;
			children = (
				99FF34C429E6BCB800BC45A5 /* Base */,
			);
			name = LaunchScreen.storyboard;
			sourceTree = "<group>";
		};
/* End PBXVariantGroup section */

/* Begin XCBuildConfiguration section */
		99FF34DD29E6BCB800BC45A5 /* Debug */ = {
			isa = XCBuildConfiguration;
			buildSettings = {
				ALWAYS_SEARCH_USER_PATHS = NO;
				CLANG_ANALYZER_NONNULL = YES;
				CLANG_ANALYZER_NUMBER_OBJECT_CONVERSION = YES_AGGRESSIVE;
				CLANG_CXX_LANGUAGE_STANDARD = "gnu++20";
				CLANG_ENABLE_MODULES = YES;
				CLANG_ENABLE_OBJC_ARC = YES;
				CLANG_ENABLE_OBJC_WEAK = YES;
				CLANG_WARN_BLOCK_CAPTURE_AUTORELEASING = YES;
				CLANG_WARN_BOOL_CONVERSION = YES;
				CLANG_WARN_COMMA = YES;
				CLANG_WARN_CONSTANT_CONVERSION = YES;
				CLANG_WARN_DEPRECATED_OBJC_IMPLEMENTATIONS = YES;
				CLANG_WARN_DIRECT_OBJC_ISA_USAGE = YES_ERROR;
				CLANG_WARN_DOCUMENTATION_COMMENTS = YES;
				CLANG_WARN_EMPTY_BODY = YES;
				CLANG_WARN_ENUM_CONVERSION = YES;
				CLANG_WARN_INFINITE_RECURSION = YES;
				CLANG_WARN_INT_CONVERSION = YES;
				CLANG_WARN_NON_LITERAL_NULL_CONVERSION = YES;
				CLANG_WARN_OBJC_IMPLICIT_RETAIN_SELF = YES;
				CLANG_WARN_OBJC_LITERAL_CONVERSION = YES;
				CLANG_WARN_OBJC_ROOT_CLASS = YES_ERROR;
				CLANG_WARN_QUOTED_INCLUDE_IN_FRAMEWORK_HEADER = YES;
				CLANG_WARN_RANGE_LOOP_ANALYSIS = YES;
				CLANG_WARN_STRICT_PROTOTYPES = YES;
				CLANG_WARN_SUSPICIOUS_MOVE = YES;
				CLANG_WARN_UNGUARDED_AVAILABILITY = YES_AGGRESSIVE;
				CLANG_WARN_UNREACHABLE_CODE = YES;
				CLANG_WARN__DUPLICATE_METHOD_MATCH = YES;
				COPY_PHASE_STRIP = NO;
				DEBUG_INFORMATION_FORMAT = dwarf;
				ENABLE_STRICT_OBJC_MSGSEND = YES;
				ENABLE_TESTABILITY = YES;
				GCC_C_LANGUAGE_STANDARD = gnu11;
				GCC_DYNAMIC_NO_PIC = NO;
				GCC_NO_COMMON_BLOCKS = YES;
				GCC_OPTIMIZATION_LEVEL = 0;
				GCC_PREPROCESSOR_DEFINITIONS = (
					"DEBUG=1",
					"$(inherited)",
				);
				GCC_WARN_64_TO_32_BIT_CONVERSION = YES;
				GCC_WARN_ABOUT_RETURN_TYPE = YES_ERROR;
				GCC_WARN_UNDECLARED_SELECTOR = YES;
				GCC_WARN_UNINITIALIZED_AUTOS = YES_AGGRESSIVE;
				GCC_WARN_UNUSED_FUNCTION = YES;
				GCC_WARN_UNUSED_VARIABLE = YES;
				IPHONEOS_DEPLOYMENT_TARGET = 16.4;
				MTL_ENABLE_DEBUG_INFO = INCLUDE_SOURCE;
				MTL_FAST_MATH = YES;
				ONLY_ACTIVE_ARCH = YES;
				SDKROOT = iphoneos;
				SWIFT_ACTIVE_COMPILATION_CONDITIONS = DEBUG;
				SWIFT_OPTIMIZATION_LEVEL = "-Onone";
			};
			name = Debug;
		};
		99FF34DE29E6BCB800BC45A5 /* Release */ = {
			isa = XCBuildConfiguration;
			buildSettings = {
				ALWAYS_SEARCH_USER_PATHS = NO;
				CLANG_ANALYZER_NONNULL = YES;
				CLANG_ANALYZER_NUMBER_OBJECT_CONVERSION = YES_AGGRESSIVE;
				CLANG_CXX_LANGUAGE_STANDARD = "gnu++20";
				CLANG_ENABLE_MODULES = YES;
				CLANG_ENABLE_OBJC_ARC = YES;
				CLANG_ENABLE_OBJC_WEAK = YES;
				CLANG_WARN_BLOCK_CAPTURE_AUTORELEASING = YES;
				CLANG_WARN_BOOL_CONVERSION = YES;
				CLANG_WARN_COMMA = YES;
				CLANG_WARN_CONSTANT_CONVERSION = YES;
				CLANG_WARN_DEPRECATED_OBJC_IMPLEMENTATIONS = YES;
				CLANG_WARN_DIRECT_OBJC_ISA_USAGE = YES_ERROR;
				CLANG_WARN_DOCUMENTATION_COMMENTS = YES;
				CLANG_WARN_EMPTY_BODY = YES;
				CLANG_WARN_ENUM_CONVERSION = YES;
				CLANG_WARN_INFINITE_RECURSION = YES;
				CLANG_WARN_INT_CONVERSION = YES;
				CLANG_WARN_NON_LITERAL_NULL_CONVERSION = YES;
				CLANG_WARN_OBJC_IMPLICIT_RETAIN_SELF = YES;
				CLANG_WARN_OBJC_LITERAL_CONVERSION = YES;
				CLANG_WARN_OBJC_ROOT_CLASS = YES_ERROR;
				CLANG_WARN_QUOTED_INCLUDE_IN_FRAMEWORK_HEADER = YES;
				CLANG_WARN_RANGE_LOOP_ANALYSIS = YES;
				CLANG_WARN_STRICT_PROTOTYPES = YES;
				CLANG_WARN_SUSPICIOUS_MOVE = YES;
				CLANG_WARN_UNGUARDED_AVAILABILITY = YES_AGGRESSIVE;
				CLANG_WARN_UNREACHABLE_CODE = YES;
				CLANG_WARN__DUPLICATE_METHOD_MATCH = YES;
				COPY_PHASE_STRIP = NO;
				DEBUG_INFORMATION_FORMAT = "dwarf-with-dsym";
				ENABLE_NS_ASSERTIONS = NO;
				ENABLE_STRICT_OBJC_MSGSEND = YES;
				GCC_C_LANGUAGE_STANDARD = gnu11;
				GCC_NO_COMMON_BLOCKS = YES;
				GCC_WARN_64_TO_32_BIT_CONVERSION = YES;
				GCC_WARN_ABOUT_RETURN_TYPE = YES_ERROR;
				GCC_WARN_UNDECLARED_SELECTOR = YES;
				GCC_WARN_UNINITIALIZED_AUTOS = YES_AGGRESSIVE;
				GCC_WARN_UNUSED_FUNCTION = YES;
				GCC_WARN_UNUSED_VARIABLE = YES;
				IPHONEOS_DEPLOYMENT_TARGET = 16.4;
				MTL_ENABLE_DEBUG_INFO = NO;
				MTL_FAST_MATH = YES;
				SDKROOT = iphoneos;
				SWIFT_COMPILATION_MODE = wholemodule;
				SWIFT_OPTIMIZATION_LEVEL = "-O";
				VALIDATE_PRODUCT = YES;
			};
			name = Release;
		};
		99FF34E029E6BCB800BC45A5 /* Debug */ = {
			isa = XCBuildConfiguration;
			buildSettings = {
				ASSETCATALOG_COMPILER_APPICON_NAME = AppIcon;
				ASSETCATALOG_COMPILER_GLOBAL_ACCENT_COLOR_NAME = AccentColor;
				CLANG_ENABLE_MODULES = YES;
				CODE_SIGN_STYLE = Automatic;
				CURRENT_PROJECT_VERSION = 1;
				GENERATE_INFOPLIST_FILE = YES;
				INFOPLIST_FILE = SideBar0.1/Info.plist;
				INFOPLIST_KEY_UIApplicationSupportsIndirectInputEvents = YES;
				INFOPLIST_KEY_UILaunchStoryboardName = LaunchScreen;
				INFOPLIST_KEY_UIMainStoryboardFile = Main;
				INFOPLIST_KEY_UISupportedInterfaceOrientations_iPad = "UIInterfaceOrientationPortrait UIInterfaceOrientationPortraitUpsideDown UIInterfaceOrientationLandscapeLeft UIInterfaceOrientationLandscapeRight";
				INFOPLIST_KEY_UISupportedInterfaceOrientations_iPhone = "UIInterfaceOrientationPortrait UIInterfaceOrientationLandscapeLeft UIInterfaceOrientationLandscapeRight";
				LD_RUNPATH_SEARCH_PATHS = (
					"$(inherited)",
					"@executable_path/Frameworks",
				);
				MARKETING_VERSION = 1.0;
				PRODUCT_BUNDLE_IDENTIFIER = "com.parth.SideBar0-1";
				PRODUCT_NAME = "$(TARGET_NAME)";
				SWIFT_EMIT_LOC_STRINGS = YES;
				SWIFT_OBJC_BRIDGING_HEADER = "SideBar0.1/SideBar0.1-Bridging-Header.h";
				SWIFT_OPTIMIZATION_LEVEL = "-Onone";
				SWIFT_VERSION = 5.0;
				TARGETED_DEVICE_FAMILY = "1,2";
			};
			name = Debug;
		};
		99FF34E129E6BCB800BC45A5 /* Release */ = {
			isa = XCBuildConfiguration;
			buildSettings = {
				ASSETCATALOG_COMPILER_APPICON_NAME = AppIcon;
				ASSETCATALOG_COMPILER_GLOBAL_ACCENT_COLOR_NAME = AccentColor;
				CLANG_ENABLE_MODULES = YES;
				CODE_SIGN_STYLE = Automatic;
				CURRENT_PROJECT_VERSION = 1;
				GENERATE_INFOPLIST_FILE = YES;
				INFOPLIST_FILE = SideBar0.1/Info.plist;
				INFOPLIST_KEY_UIApplicationSupportsIndirectInputEvents = YES;
				INFOPLIST_KEY_UILaunchStoryboardName = LaunchScreen;
				INFOPLIST_KEY_UIMainStoryboardFile = Main;
				INFOPLIST_KEY_UISupportedInterfaceOrientations_iPad = "UIInterfaceOrientationPortrait UIInterfaceOrientationPortraitUpsideDown UIInterfaceOrientationLandscapeLeft UIInterfaceOrientationLandscapeRight";
				INFOPLIST_KEY_UISupportedInterfaceOrientations_iPhone = "UIInterfaceOrientationPortrait UIInterfaceOrientationLandscapeLeft UIInterfaceOrientationLandscapeRight";
				LD_RUNPATH_SEARCH_PATHS = (
					"$(inherited)",
					"@executable_path/Frameworks",
				);
				MARKETING_VERSION = 1.0;
				PRODUCT_BUNDLE_IDENTIFIER = "com.parth.SideBar0-1";
				PRODUCT_NAME = "$(TARGET_NAME)";
				SWIFT_EMIT_LOC_STRINGS = YES;
				SWIFT_OBJC_BRIDGING_HEADER = "SideBar0.1/SideBar0.1-Bridging-Header.h";
				SWIFT_VERSION = 5.0;
				TARGETED_DEVICE_FAMILY = "1,2";
			};
			name = Release;
		};
		99FF34E329E6BCB800BC45A5 /* Debug */ = {
			isa = XCBuildConfiguration;
			buildSettings = {
				ALWAYS_EMBED_SWIFT_STANDARD_LIBRARIES = YES;
				BUNDLE_LOADER = "$(TEST_HOST)";
				CODE_SIGN_STYLE = Automatic;
				CURRENT_PROJECT_VERSION = 1;
				GENERATE_INFOPLIST_FILE = YES;
				IPHONEOS_DEPLOYMENT_TARGET = 16.4;
				MARKETING_VERSION = 1.0;
				PRODUCT_BUNDLE_IDENTIFIER = "com.parth.SideBar0-1Tests";
				PRODUCT_NAME = "$(TARGET_NAME)";
				SWIFT_EMIT_LOC_STRINGS = NO;
				SWIFT_VERSION = 5.0;
				TARGETED_DEVICE_FAMILY = "1,2";
				TEST_HOST = "$(BUILT_PRODUCTS_DIR)/SideBar0.1.app/$(BUNDLE_EXECUTABLE_FOLDER_PATH)/SideBar0.1";
			};
			name = Debug;
		};
		99FF34E429E6BCB800BC45A5 /* Release */ = {
			isa = XCBuildConfiguration;
			buildSettings = {
				ALWAYS_EMBED_SWIFT_STANDARD_LIBRARIES = YES;
				BUNDLE_LOADER = "$(TEST_HOST)";
				CODE_SIGN_STYLE = Automatic;
				CURRENT_PROJECT_VERSION = 1;
				GENERATE_INFOPLIST_FILE = YES;
				IPHONEOS_DEPLOYMENT_TARGET = 16.4;
				MARKETING_VERSION = 1.0;
				PRODUCT_BUNDLE_IDENTIFIER = "com.parth.SideBar0-1Tests";
				PRODUCT_NAME = "$(TARGET_NAME)";
				SWIFT_EMIT_LOC_STRINGS = NO;
				SWIFT_VERSION = 5.0;
				TARGETED_DEVICE_FAMILY = "1,2";
				TEST_HOST = "$(BUILT_PRODUCTS_DIR)/SideBar0.1.app/$(BUNDLE_EXECUTABLE_FOLDER_PATH)/SideBar0.1";
			};
			name = Release;
		};
		99FF34E629E6BCB800BC45A5 /* Debug */ = {
			isa = XCBuildConfiguration;
			buildSettings = {
				ALWAYS_EMBED_SWIFT_STANDARD_LIBRARIES = YES;
				CODE_SIGN_STYLE = Automatic;
				CURRENT_PROJECT_VERSION = 1;
				GENERATE_INFOPLIST_FILE = YES;
				MARKETING_VERSION = 1.0;
				PRODUCT_BUNDLE_IDENTIFIER = "com.parth.SideBar0-1UITests";
				PRODUCT_NAME = "$(TARGET_NAME)";
				SWIFT_EMIT_LOC_STRINGS = NO;
				SWIFT_VERSION = 5.0;
				TARGETED_DEVICE_FAMILY = "1,2";
				TEST_TARGET_NAME = SideBar0.1;
			};
			name = Debug;
		};
		99FF34E729E6BCB800BC45A5 /* Release */ = {
			isa = XCBuildConfiguration;
			buildSettings = {
				ALWAYS_EMBED_SWIFT_STANDARD_LIBRARIES = YES;
				CODE_SIGN_STYLE = Automatic;
				CURRENT_PROJECT_VERSION = 1;
				GENERATE_INFOPLIST_FILE = YES;
				MARKETING_VERSION = 1.0;
				PRODUCT_BUNDLE_IDENTIFIER = "com.parth.SideBar0-1UITests";
				PRODUCT_NAME = "$(TARGET_NAME)";
				SWIFT_EMIT_LOC_STRINGS = NO;
				SWIFT_VERSION = 5.0;
				TARGETED_DEVICE_FAMILY = "1,2";
				TEST_TARGET_NAME = SideBar0.1;
			};
			name = Release;
		};
/* End XCBuildConfiguration section */

/* Begin XCConfigurationList section */
		99FF34B029E6BCB600BC45A5 /* Build configuration list for PBXProject "SideBar0.1" */ = {
			isa = XCConfigurationList;
			buildConfigurations = (
				99FF34DD29E6BCB800BC45A5 /* Debug */,
				99FF34DE29E6BCB800BC45A5 /* Release */,
			);
			defaultConfigurationIsVisible = 0;
			defaultConfigurationName = Release;
		};
		99FF34DF29E6BCB800BC45A5 /* Build configuration list for PBXNativeTarget "SideBar0.1" */ = {
			isa = XCConfigurationList;
			buildConfigurations = (
				99FF34E029E6BCB800BC45A5 /* Debug */,
				99FF34E129E6BCB800BC45A5 /* Release */,
			);
			defaultConfigurationIsVisible = 0;
			defaultConfigurationName = Release;
		};
		99FF34E229E6BCB800BC45A5 /* Build configuration list for PBXNativeTarget "SideBar0.1Tests" */ = {
			isa = XCConfigurationList;
			buildConfigurations = (
				99FF34E329E6BCB800BC45A5 /* Debug */,
				99FF34E429E6BCB800BC45A5 /* Release */,
			);
			defaultConfigurationIsVisible = 0;
			defaultConfigurationName = Release;
		};
		99FF34E529E6BCB800BC45A5 /* Build configuration list for PBXNativeTarget "SideBar0.1UITests" */ = {
			isa = XCConfigurationList;
			buildConfigurations = (
				99FF34E629E6BCB800BC45A5 /* Debug */,
				99FF34E729E6BCB800BC45A5 /* Release */,
			);
			defaultConfigurationIsVisible = 0;
			defaultConfigurationName = Release;
		};
/* End XCConfigurationList section */
	};
	rootObject = 99FF34AD29E6BCB600BC45A5 /* Project object */;
}
